
Microsoft Visual Studio Solution File, Format Version 12.00
# Visual Studio Version 16
VisualStudioVersion = 16.0.31019.35
MinimumVisualStudioVersion = 10.0.40219.1
Project("{2150E333-8FDC-42A3-9474-1A3956D46DE8}") = "BUSSINESS", "BUSSINESS", "{4CC46279-FF31-499B-9129-F15E18355590}"
EndProject
Project("{2150E333-8FDC-42A3-9474-1A3956D46DE8}") = "PRESENTATION", "PRESENTATION", "{F3899C60-0092-4A7E-8F15-59BAE60A2101}"
EndProject
Project("{2150E333-8FDC-42A3-9474-1A3956D46DE8}") = "DATA", "DATA", "{E648516C-70CF-4297-B897-FE244E60FEAF}"
EndProject
Project("{2150E333-8FDC-42A3-9474-1A3956D46DE8}") = "VALIDATION", "VALIDATION", "{30CA1F5C-F765-4080-846E-4A8A2DADA03A}"
EndProject
Project("{FAE04EC0-301F-11D3-BF4B-00C04F79EFBC}") = "2c2p.Assignment.Validation", "2c2p.Assignment.Validation\2c2p.Assignment.Validation.csproj", "{F4A001BF-AC8D-4AF4-BE2F-EDC6C4C882E2}"
EndProject
Project("{FAE04EC0-301F-11D3-BF4B-00C04F79EFBC}") = "2c2p.Assignment.WebApp", "2c2p.Assignment.WebApp\2c2p.Assignment.WebApp.csproj", "{46C9BCDC-E2C7-4EF8-83BC-B48EBECB4574}"
EndProject
Project("{2150E333-8FDC-42A3-9474-1A3956D46DE8}") = "MAPPING", "MAPPING", "{BFA0A6BA-7DBD-4463-BAE2-0FB0B4358568}"
EndProject
Project("{FAE04EC0-301F-11D3-BF4B-00C04F79EFBC}") = "2c2p.Assignment.Data.Model", "2c2p.Assignment.Data.Model\2c2p.Assignment.Data.Model.csproj", "{56857778-6572-4293-8542-895AFC787640}"
EndProject
Project("{2150E333-8FDC-42A3-9474-1A3956D46DE8}") = "TOOLS", "TOOLS", "{FAB2E3AC-3FAA-4042-BFE5-33C2E39A1AC5}"
EndProject
Project("{FAE04EC0-301F-11D3-BF4B-00C04F79EFBC}") = "2c2p.Assignment.Tools", "2c2p.Assignment.Tools\2c2p.Assignment.Tools.csproj", "{10469D63-1151-4EF9-A5B6-24153B6AE017}"
EndProject
Project("{FAE04EC0-301F-11D3-BF4B-00C04F79EFBC}") = "2c2p.Assignment.Model.Mapping", "2c2p.Assignment.Model.Mapping\2c2p.Assignment.Model.Mapping.csproj", "{E8BB6B2E-ADC0-4500-A6A1-1514D1B9A929}"
EndProject
Project("{FAE04EC0-301F-11D3-BF4B-00C04F79EFBC}") = "2c2p.Assignment.Tools.Tests", "2c2p.Assignment.Tools.Tests\2c2p.Assignment.Tools.Tests.csproj", "{BC694FC4-8D51-48CB-82E2-ADA8ACF0F01E}"
EndProject
Project("{FAE04EC0-301F-11D3-BF4B-00C04F79EFBC}") = "2c2p.Assignment.Bussiness", "2c2p.Assignment.Bussiness\2c2p.Assignment.Bussiness.csproj", "{3E87233D-03C0-467B-B55E-483737E3AF4F}"
EndProject
Project("{FAE04EC0-301F-11D3-BF4B-00C04F79EFBC}") = "2c2p.Assignment.Data.Context", "2c2p.Assignment.Data.Context\2c2p.Assignment.Data.Context.csproj", "{95D010AA-F844-438B-A878-79A681438A17}"
EndProject
Project("{FAE04EC0-301F-11D3-BF4B-00C04F79EFBC}") = "2c2p.Assignment.Dto", "2c2p.Assignment.Dto\2c2p.Assignment.Dto.csproj", "{C503DCA3-58F1-4476-BF34-16A8AB3F4399}"
EndProject
Global
	GlobalSection(SolutionConfigurationPlatforms) = preSolution
		Debug|Any CPU = Debug|Any CPU
		Release|Any CPU = Release|Any CPU
	EndGlobalSection
	GlobalSection(ProjectConfigurationPlatforms) = postSolution
		{F4A001BF-AC8D-4AF4-BE2F-EDC6C4C882E2}.Debug|Any CPU.ActiveCfg = Debug|Any CPU
		{F4A001BF-AC8D-4AF4-BE2F-EDC6C4C882E2}.Debug|Any CPU.Build.0 = Debug|Any CPU
		{F4A001BF-AC8D-4AF4-BE2F-EDC6C4C882E2}.Release|Any CPU.ActiveCfg = Release|Any CPU
		{F4A001BF-AC8D-4AF4-BE2F-EDC6C4C882E2}.Release|Any CPU.Build.0 = Release|Any CPU
		{46C9BCDC-E2C7-4EF8-83BC-B48EBECB4574}.Debug|Any CPU.ActiveCfg = Debug|Any CPU
		{46C9BCDC-E2C7-4EF8-83BC-B48EBECB4574}.Debug|Any CPU.Build.0 = Debug|Any CPU
		{46C9BCDC-E2C7-4EF8-83BC-B48EBECB4574}.Release|Any CPU.ActiveCfg = Release|Any CPU
		{46C9BCDC-E2C7-4EF8-83BC-B48EBECB4574}.Release|Any CPU.Build.0 = Release|Any CPU
		{56857778-6572-4293-8542-895AFC787640}.Debug|Any CPU.ActiveCfg = Debug|Any CPU
		{56857778-6572-4293-8542-895AFC787640}.Debug|Any CPU.Build.0 = Debug|Any CPU
		{56857778-6572-4293-8542-895AFC787640}.Release|Any CPU.ActiveCfg = Release|Any CPU
		{56857778-6572-4293-8542-895AFC787640}.Release|Any CPU.Build.0 = Release|Any CPU
		{10469D63-1151-4EF9-A5B6-24153B6AE017}.Debug|Any CPU.ActiveCfg = Debug|Any CPU
		{10469D63-1151-4EF9-A5B6-24153B6AE017}.Debug|Any CPU.Build.0 = Debug|Any CPU
		{10469D63-1151-4EF9-A5B6-24153B6AE017}.Release|Any CPU.ActiveCfg = Release|Any CPU
		{10469D63-1151-4EF9-A5B6-24153B6AE017}.Release|Any CPU.Build.0 = Release|Any CPU
		{E8BB6B2E-ADC0-4500-A6A1-1514D1B9A929}.Debug|Any CPU.ActiveCfg = Debug|Any CPU
		{E8BB6B2E-ADC0-4500-A6A1-1514D1B9A929}.Debug|Any CPU.Build.0 = Debug|Any CPU
		{E8BB6B2E-ADC0-4500-A6A1-1514D1B9A929}.Release|Any CPU.ActiveCfg = Release|Any CPU
		{E8BB6B2E-ADC0-4500-A6A1-1514D1B9A929}.Release|Any CPU.Build.0 = Release|Any CPU
		{BC694FC4-8D51-48CB-82E2-ADA8ACF0F01E}.Debug|Any CPU.ActiveCfg = Debug|Any CPU
		{BC694FC4-8D51-48CB-82E2-ADA8ACF0F01E}.Debug|Any CPU.Build.0 = Debug|Any CPU
		{BC694FC4-8D51-48CB-82E2-ADA8ACF0F01E}.Release|Any CPU.ActiveCfg = Release|Any CPU
		{BC694FC4-8D51-48CB-82E2-ADA8ACF0F01E}.Release|Any CPU.Build.0 = Release|Any CPU
		{3E87233D-03C0-467B-B55E-483737E3AF4F}.Debug|Any CPU.ActiveCfg = Debug|Any CPU
		{3E87233D-03C0-467B-B55E-483737E3AF4F}.Debug|Any CPU.Build.0 = Debug|Any CPU
		{3E87233D-03C0-467B-B55E-483737E3AF4F}.Release|Any CPU.ActiveCfg = Release|Any CPU
		{3E87233D-03C0-467B-B55E-483737E3AF4F}.Release|Any CPU.Build.0 = Release|Any CPU
		{95D010AA-F844-438B-A878-79A681438A17}.Debug|Any CPU.ActiveCfg = Debug|Any CPU
		{95D010AA-F844-438B-A878-79A681438A17}.Debug|Any CPU.Build.0 = Debug|Any CPU
		{95D010AA-F844-438B-A878-79A681438A17}.Release|Any CPU.ActiveCfg = Release|Any CPU
		{95D010AA-F844-438B-A878-79A681438A17}.Release|Any CPU.Build.0 = Release|Any CPU
		{C503DCA3-58F1-4476-BF34-16A8AB3F4399}.Debug|Any CPU.ActiveCfg = Debug|Any CPU
		{C503DCA3-58F1-4476-BF34-16A8AB3F4399}.Debug|Any CPU.Build.0 = Debug|Any CPU
		{C503DCA3-58F1-4476-BF34-16A8AB3F4399}.Release|Any CPU.ActiveCfg = Release|Any CPU
		{C503DCA3-58F1-4476-BF34-16A8AB3F4399}.Release|Any CPU.Build.0 = Release|Any CPU
	EndGlobalSection
	GlobalSection(SolutionProperties) = preSolution
		HideSolutionNode = FALSE
	EndGlobalSection
	GlobalSection(NestedProjects) = preSolution
		{F4A001BF-AC8D-4AF4-BE2F-EDC6C4C882E2} = {30CA1F5C-F765-4080-846E-4A8A2DADA03A}
		{46C9BCDC-E2C7-4EF8-83BC-B48EBECB4574} = {F3899C60-0092-4A7E-8F15-59BAE60A2101}
		{56857778-6572-4293-8542-895AFC787640} = {E648516C-70CF-4297-B897-FE244E60FEAF}
		{10469D63-1151-4EF9-A5B6-24153B6AE017} = {FAB2E3AC-3FAA-4042-BFE5-33C2E39A1AC5}
		{E8BB6B2E-ADC0-4500-A6A1-1514D1B9A929} = {BFA0A6BA-7DBD-4463-BAE2-0FB0B4358568}
		{BC694FC4-8D51-48CB-82E2-ADA8ACF0F01E} = {FAB2E3AC-3FAA-4042-BFE5-33C2E39A1AC5}
		{3E87233D-03C0-467B-B55E-483737E3AF4F} = {4CC46279-FF31-499B-9129-F15E18355590}
		{95D010AA-F844-438B-A878-79A681438A17} = {E648516C-70CF-4297-B897-FE244E60FEAF}
		{C503DCA3-58F1-4476-BF34-16A8AB3F4399} = {F3899C60-0092-4A7E-8F15-59BAE60A2101}
	EndGlobalSection
	GlobalSection(ExtensibilityGlobals) = postSolution
		SolutionGuid = {C984D80E-571F-41A1-9109-F9E13841748D}
	EndGlobalSection
EndGlobal
